// !$*UTF8*$!
{
	archiveVersion = 1;
	classes = {
	};
	objectVersion = 55;
	objects = {

/* Begin PBXBuildFile section */
		FBB6557827E8336F00C52239 /* AppDelegate.swift in Sources */ = {isa = PBXBuildFile; fileRef = FBB6557727E8336F00C52239 /* AppDelegate.swift */; };
		FBB6557A27E8336F00C52239 /* SceneDelegate.swift in Sources */ = {isa = PBXBuildFile; fileRef = FBB6557927E8336F00C52239 /* SceneDelegate.swift */; };
		FBB6557F27E8336F00C52239 /* Main.storyboard in Resources */ = {isa = PBXBuildFile; fileRef = FBB6557D27E8336F00C52239 /* Main.storyboard */; };
		FBB6558127E8337100C52239 /* Assets.xcassets in Resources */ = {isa = PBXBuildFile; fileRef = FBB6558027E8337100C52239 /* Assets.xcassets */; };
		FBB6558427E8337100C52239 /* LaunchScreen.storyboard in Resources */ = {isa = PBXBuildFile; fileRef = FBB6558227E8337100C52239 /* LaunchScreen.storyboard */; };
		FBB6558C27E8343500C52239 /* SampleTableViewController.swift in Sources */ = {isa = PBXBuildFile; fileRef = FBB6558B27E8343500C52239 /* SampleTableViewController.swift */; };
		FBB6558E27E834C200C52239 /* NotificationToken.swift in Sources */ = {isa = PBXBuildFile; fileRef = FBB6558D27E834C200C52239 /* NotificationToken.swift */; };
		FBB6559027E834DA00C52239 /* ArrayRepository.swift in Sources */ = {isa = PBXBuildFile; fileRef = FBB6558F27E834DA00C52239 /* ArrayRepository.swift */; };
		FBB6559227E838A500C52239 /* SampleDetailViewController.swift in Sources */ = {isa = PBXBuildFile; fileRef = FBB6559127E838A500C52239 /* SampleDetailViewController.swift */; };
/* End PBXBuildFile section */

/* Begin PBXFileReference section */
		FBB6557427E8336F00C52239 /* ArrayRepositorySample.app */ = {isa = PBXFileReference; explicitFileType = wrapper.application; includeInIndex = 0; path = ArrayRepositorySample.app; sourceTree = BUILT_PRODUCTS_DIR; };
		FBB6557727E8336F00C52239 /* AppDelegate.swift */ = {isa = PBXFileReference; lastKnownFileType = sourcecode.swift; path = AppDelegate.swift; sourceTree = "<group>"; };
		FBB6557927E8336F00C52239 /* SceneDelegate.swift */ = {isa = PBXFileReference; lastKnownFileType = sourcecode.swift; path = SceneDelegate.swift; sourceTree = "<group>"; };
		FBB6557E27E8336F00C52239 /* Base */ = {isa = PBXFileReference; lastKnownFileType = file.storyboard; name = Base; path = Base.lproj/Main.storyboard; sourceTree = "<group>"; };
		FBB6558027E8337100C52239 /* Assets.xcassets */ = {isa = PBXFileReference; lastKnownFileType = folder.assetcatalog; path = Assets.xcassets; sourceTree = "<group>"; };
		FBB6558327E8337100C52239 /* Base */ = {isa = PBXFileReference; lastKnownFileType = file.storyboard; name = Base; path = Base.lproj/LaunchScreen.storyboard; sourceTree = "<group>"; };
		FBB6558527E8337100C52239 /* Info.plist */ = {isa = PBXFileReference; lastKnownFileType = text.plist.xml; path = Info.plist; sourceTree = "<group>"; };
		FBB6558B27E8343500C52239 /* SampleTableViewController.swift */ = {isa = PBXFileReference; lastKnownFileType = sourcecode.swift; path = SampleTableViewController.swift; sourceTree = "<group>"; };
		FBB6558D27E834C200C52239 /* NotificationToken.swift */ = {isa = PBXFileReference; lastKnownFileType = sourcecode.swift; path = NotificationToken.swift; sourceTree = "<group>"; };
		FBB6558F27E834DA00C52239 /* ArrayRepository.swift */ = {isa = PBXFileReference; lastKnownFileType = sourcecode.swift; path = ArrayRepository.swift; sourceTree = "<group>"; };
		FBB6559127E838A500C52239 /* SampleDetailViewController.swift */ = {isa = PBXFileReference; lastKnownFileType = sourcecode.swift; path = SampleDetailViewController.swift; sourceTree = "<group>"; };
/* End PBXFileReference section */

/* Begin PBXFrameworksBuildPhase section */
		FBB6557127E8336F00C52239 /* Frameworks */ = {
			isa = PBXFrameworksBuildPhase;
			buildActionMask = 2147483647;
			files = (
			);
			runOnlyForDeploymentPostprocessing = 0;
		};
/* End PBXFrameworksBuildPhase section */

/* Begin PBXGroup section */
		FBB6556B27E8336F00C52239 = {
			isa = PBXGroup;
			children = (
				FBB6557627E8336F00C52239 /* ArrayRepositorySample */,
				FBB6557527E8336F00C52239 /* Products */,
			);
			sourceTree = "<group>";
		};
		FBB6557527E8336F00C52239 /* Products */ = {
			isa = PBXGroup;
			children = (
				FBB6557427E8336F00C52239 /* ArrayRepositorySample.app */,
			);
			name = Products;
			sourceTree = "<group>";
		};
		FBB6557627E8336F00C52239 /* ArrayRepositorySample */ = {
			isa = PBXGroup;
			children = (
				FBB6557727E8336F00C52239 /* AppDelegate.swift */,
				FBB6557927E8336F00C52239 /* SceneDelegate.swift */,
				FBB6558B27E8343500C52239 /* SampleTableViewController.swift */,
				FBB6559127E838A500C52239 /* SampleDetailViewController.swift */,
				FBB6558F27E834DA00C52239 /* ArrayRepository.swift */,
				FBB6558D27E834C200C52239 /* NotificationToken.swift */,
				FBB6557D27E8336F00C52239 /* Main.storyboard */,
				FBB6558027E8337100C52239 /* Assets.xcassets */,
				FBB6558227E8337100C52239 /* LaunchScreen.storyboard */,
				FBB6558527E8337100C52239 /* Info.plist */,
			);
			path = ArrayRepositorySample;
			sourceTree = "<group>";
		};
/* End PBXGroup section */

/* Begin PBXNativeTarget section */
		FBB6557327E8336F00C52239 /* ArrayRepositorySample */ = {
			isa = PBXNativeTarget;
			buildConfigurationList = FBB6558827E8337100C52239 /* Build configuration list for PBXNativeTarget "ArrayRepositorySample" */;
			buildPhases = (
				FBB6557027E8336F00C52239 /* Sources */,
				FBB6557127E8336F00C52239 /* Frameworks */,
				FBB6557227E8336F00C52239 /* Resources */,
			);
			buildRules = (
			);
			dependencies = (
			);
			name = ArrayRepositorySample;
			productName = ArrayRepositorySample;
			productReference = FBB6557427E8336F00C52239 /* ArrayRepositorySample.app */;
			productType = "com.apple.product-type.application";
		};
/* End PBXNativeTarget section */

/* Begin PBXProject section */
		FBB6556C27E8336F00C52239 /* Project object */ = {
			isa = PBXProject;
			attributes = {
				BuildIndependentTargetsInParallel = 1;
				LastSwiftUpdateCheck = 1330;
				LastUpgradeCheck = 1330;
				TargetAttributes = {
					FBB6557327E8336F00C52239 = {
						CreatedOnToolsVersion = 13.3;
					};
				};
			};
			buildConfigurationList = FBB6556F27E8336F00C52239 /* Build configuration list for PBXProject "ArrayRepositorySample" */;
			compatibilityVersion = "Xcode 13.0";
			developmentRegion = en;
			hasScannedForEncodings = 0;
			knownRegions = (
				en,
				Base,
			);
			mainGroup = FBB6556B27E8336F00C52239;
			productRefGroup = FBB6557527E8336F00C52239 /* Products */;
			projectDirPath = "";
			projectRoot = "";
			targets = (
				FBB6557327E8336F00C52239 /* ArrayRepositorySample */,
			);
		};
/* End PBXProject section */

/* Begin PBXResourcesBuildPhase section */
		FBB6557227E8336F00C52239 /* Resources */ = {
			isa = PBXResourcesBuildPhase;
			buildActionMask = 2147483647;
			files = (
				FBB6558427E8337100C52239 /* LaunchScreen.storyboard in Resources */,
				FBB6558127E8337100C52239 /* Assets.xcassets in Resources */,
				FBB6557F27E8336F00C52239 /* Main.storyboard in Resources */,
			);
			runOnlyForDeploymentPostprocessing = 0;
		};
/* End PBXResourcesBuildPhase section */

/* Begin PBXSourcesBuildPhase section */
		FBB6557027E8336F00C52239 /* Sources */ = {
			isa = PBXSourcesBuildPhase;
			buildActionMask = 2147483647;
			files = (
				FBB6557827E8336F00C52239 /* AppDelegate.swift in Sources */,
				FBB6557A27E8336F00C52239 /* SceneDelegate.swift in Sources */,
				FBB6558E27E834C200C52239 /* NotificationToken.swift in Sources */,
				FBB6559027E834DA00C52239 /* ArrayRepository.swift in Sources */,
				FBB6559227E838A500C52239 /* SampleDetailViewController.swift in Sources */,
				FBB6558C27E8343500C52239 /* SampleTableViewController.swift in Sources */,
			);
			runOnlyForDeploymentPostprocessing = 0;
		};
/* End PBXSourcesBuildPhase section */

/* Begin PBXVariantGroup section */
		FBB6557D27E8336F00C52239 /* Main.storyboard */ = {
			isa = PBXVariantGroup;
			children = (
				FBB6557E27E8336F00C52239 /* Base */,
			);
			name = Main.storyboard;
			sourceTree = "<group>";
		};
		FBB6558227E8337100C52239 /* LaunchScreen.storyboard */ = {
			isa = PBXVariantGroup;
			children = (
				FBB6558327E8337100C52239 /* Base */,
			);
			name = LaunchScreen.storyboard;
			sourceTree = "<group>";
		};
/* End PBXVariantGroup section */

/* Begin XCBuildConfiguration section */
		FBB6558627E8337100C52239 /* Debug */ = {
			isa = XCBuildConfiguration;
			buildSettings = {
				ALWAYS_SEARCH_USER_PATHS = NO;
				CLANG_ANALYZER_NONNULL = YES;
				CLANG_ANALYZER_NUMBER_OBJECT_CONVERSION = YES_AGGRESSIVE;
				CLANG_CXX_LANGUAGE_STANDARD = "gnu++17";
				CLANG_ENABLE_MODULES = YES;
				CLANG_ENABLE_OBJC_ARC = YES;
				CLANG_ENABLE_OBJC_WEAK = YES;
				CLANG_WARN_BLOCK_CAPTURE_AUTORELEASING = YES;
				CLANG_WARN_BOOL_CONVERSION = YES;
				CLANG_WARN_COMMA = YES;
				CLANG_WARN_CONSTANT_CONVERSION = YES;
				CLANG_WARN_DEPRECATED_OBJC_IMPLEMENTATIONS = YES;
				CLANG_WARN_DIRECT_OBJC_ISA_USAGE = YES_ERROR;
				CLANG_WARN_DOCUMENTATION_COMMENTS = YES;
				CLANG_WARN_EMPTY_BODY = YES;
				CLANG_WARN_ENUM_CONVERSION = YES;
				CLANG_WARN_INFINITE_RECURSION = YES;
				CLANG_WARN_INT_CONVERSION = YES;
				CLANG_WARN_NON_LITERAL_NULL_CONVERSION = YES;
				CLANG_WARN_OBJC_IMPLICIT_RETAIN_SELF = YES;
				CLANG_WARN_OBJC_LITERAL_CONVERSION = YES;
				CLANG_WARN_OBJC_ROOT_CLASS = YES_ERROR;
				CLANG_WARN_QUOTED_INCLUDE_IN_FRAMEWORK_HEADER = YES;
				CLANG_WARN_RANGE_LOOP_ANALYSIS = YES;
				CLANG_WARN_STRICT_PROTOTYPES = YES;
				CLANG_WARN_SUSPICIOUS_MOVE = YES;
				CLANG_WARN_UNGUARDED_AVAILABILITY = YES_AGGRESSIVE;
				CLANG_WARN_UNREACHABLE_CODE = YES;
				CLANG_WARN__DUPLICATE_METHOD_MATCH = YES;
				COPY_PHASE_STRIP = NO;
				DEBUG_INFORMATION_FORMAT = dwarf;
				ENABLE_STRICT_OBJC_MSGSEND = YES;
				ENABLE_TESTABILITY = YES;
				GCC_C_LANGUAGE_STANDARD = gnu11;
				GCC_DYNAMIC_NO_PIC = NO;
				GCC_NO_COMMON_BLOCKS = YES;
				GCC_OPTIMIZATION_LEVEL = 0;
				GCC_PREPROCESSOR_DEFINITIONS = (
					"DEBUG=1",
					"$(inherited)",
				);
				GCC_WARN_64_TO_32_BIT_CONVERSION = YES;
				GCC_WARN_ABOUT_RETURN_TYPE = YES_ERROR;
				GCC_WARN_UNDECLARED_SELECTOR = YES;
				GCC_WARN_UNINITIALIZED_AUTOS = YES_AGGRESSIVE;
				GCC_WARN_UNUSED_FUNCTION = YES;
				GCC_WARN_UNUSED_VARIABLE = YES;
				IPHONEOS_DEPLOYMENT_TARGET = 15.4;
				MTL_ENABLE_DEBUG_INFO = INCLUDE_SOURCE;
				MTL_FAST_MATH = YES;
				ONLY_ACTIVE_ARCH = YES;
				SDKROOT = iphoneos;
				SWIFT_ACTIVE_COMPILATION_CONDITIONS = DEBUG;
				SWIFT_OPTIMIZATION_LEVEL = "-Onone";
			};
			name = Debug;
		};
		FBB6558727E8337100C52239 /* Release */ = {
			isa = XCBuildConfiguration;
			buildSettings = {
				ALWAYS_SEARCH_USER_PATHS = NO;
				CLANG_ANALYZER_NONNULL = YES;
				CLANG_ANALYZER_NUMBER_OBJECT_CONVERSION = YES_AGGRESSIVE;
				CLANG_CXX_LANGUAGE_STANDARD = "gnu++17";
				CLANG_ENABLE_MODULES = YES;
				CLANG_ENABLE_OBJC_ARC = YES;
				CLANG_ENABLE_OBJC_WEAK = YES;
				CLANG_WARN_BLOCK_CAPTURE_AUTORELEASING = YES;
				CLANG_WARN_BOOL_CONVERSION = YES;
				CLANG_WARN_COMMA = YES;
				CLANG_WARN_CONSTANT_CONVERSION = YES;
				CLANG_WARN_DEPRECATED_OBJC_IMPLEMENTATIONS = YES;
				CLANG_WARN_DIRECT_OBJC_ISA_USAGE = YES_ERROR;
				CLANG_WARN_DOCUMENTATION_COMMENTS = YES;
				CLANG_WARN_EMPTY_BODY = YES;
				CLANG_WARN_ENUM_CONVERSION = YES;
				CLANG_WARN_INFINITE_RECURSION = YES;
				CLANG_WARN_INT_CONVERSION = YES;
				CLANG_WARN_NON_LITERAL_NULL_CONVERSION = YES;
				CLANG_WARN_OBJC_IMPLICIT_RETAIN_SELF = YES;
				CLANG_WARN_OBJC_LITERAL_CONVERSION = YES;
				CLANG_WARN_OBJC_ROOT_CLASS = YES_ERROR;
				CLANG_WARN_QUOTED_INCLUDE_IN_FRAMEWORK_HEADER = YES;
				CLANG_WARN_RANGE_LOOP_ANALYSIS = YES;
				CLANG_WARN_STRICT_PROTOTYPES = YES;
				CLANG_WARN_SUSPICIOUS_MOVE = YES;
				CLANG_WARN_UNGUARDED_AVAILABILITY = YES_AGGRESSIVE;
				CLANG_WARN_UNREACHABLE_CODE = YES;
				CLANG_WARN__DUPLICATE_METHOD_MATCH = YES;
				COPY_PHASE_STRIP = NO;
				DEBUG_INFORMATION_FORMAT = "dwarf-with-dsym";
				ENABLE_NS_ASSERTIONS = NO;
				ENABLE_STRICT_OBJC_MSGSEND = YES;
				GCC_C_LANGUAGE_STANDARD = gnu11;
				GCC_NO_COMMON_BLOCKS = YES;
				GCC_WARN_64_TO_32_BIT_CONVERSION = YES;
				GCC_WARN_ABOUT_RETURN_TYPE = YES_ERROR;
				GCC_WARN_UNDECLARED_SELECTOR = YES;
				GCC_WARN_UNINITIALIZED_AUTOS = YES_AGGRESSIVE;
				GCC_WARN_UNUSED_FUNCTION = YES;
				GCC_WARN_UNUSED_VARIABLE = YES;
				IPHONEOS_DEPLOYMENT_TARGET = 15.4;
				MTL_ENABLE_DEBUG_INFO = NO;
				MTL_FAST_MATH = YES;
				SDKROOT = iphoneos;
				SWIFT_COMPILATION_MODE = wholemodule;
				SWIFT_OPTIMIZATION_LEVEL = "-O";
				VALIDATE_PRODUCT = YES;
			};
			name = Release;
		};
		FBB6558927E8337100C52239 /* Debug */ = {
			isa = XCBuildConfiguration;
			buildSettings = {
				ASSETCATALOG_COMPILER_APPICON_NAME = AppIcon;
				ASSETCATALOG_COMPILER_GLOBAL_ACCENT_COLOR_NAME = AccentColor;
				CODE_SIGN_STYLE = Automatic;
				CURRENT_PROJECT_VERSION = 1;
				GENERATE_INFOPLIST_FILE = YES;
				INFOPLIST_FILE = ArrayRepositorySample/Info.plist;
				INFOPLIST_KEY_UIApplicationSupportsIndirectInputEvents = YES;
				INFOPLIST_KEY_UILaunchStoryboardName = LaunchScreen;
				INFOPLIST_KEY_UIMainStoryboardFile = Main;
				INFOPLIST_KEY_UISupportedInterfaceOrientations_iPad = "UIInterfaceOrientationPortrait UIInterfaceOrientationPortraitUpsideDown UIInterfaceOrientationLandscapeLeft UIInterfaceOrientationLandscapeRight";
				INFOPLIST_KEY_UISupportedInterfaceOrientations_iPhone = "UIInterfaceOrientationPortrait UIInterfaceOrientationLandscapeLeft UIInterfaceOrientationLandscapeRight";
				LD_RUNPATH_SEARCH_PATHS = (
					"$(inherited)",
					"@executable_path/Frameworks",
				);
				MARKETING_VERSION = 1.0;
				PRODUCT_BUNDLE_IDENTIFIER = example.takehito.koshimizu.ArrayRepositorySample;
				PRODUCT_NAME = "$(TARGET_NAME)";
				SWIFT_EMIT_LOC_STRINGS = YES;
				SWIFT_VERSION = 5.0;
				TARGETED_DEVICE_FAMILY = "1,2";
			};
			name = Debug;
		};
		FBB6558A27E8337100C52239 /* Release */ = {
			isa = XCBuildConfiguration;
			buildSettings = {
				ASSETCATALOG_COMPILER_APPICON_NAME = AppIcon;
				ASSETCATALOG_COMPILER_GLOBAL_ACCENT_COLOR_NAME = AccentColor;
				CODE_SIGN_STYLE = Automatic;
				CURRENT_PROJECT_VERSION = 1;
				GENERATE_INFOPLIST_FILE = YES;
				INFOPLIST_FILE = ArrayRepositorySample/Info.plist;
				INFOPLIST_KEY_UIApplicationSupportsIndirectInputEvents = YES;
				INFOPLIST_KEY_UILaunchStoryboardName = LaunchScreen;
				INFOPLIST_KEY_UIMainStoryboardFile = Main;
				INFOPLIST_KEY_UISupportedInterfaceOrientations_iPad = "UIInterfaceOrientationPortrait UIInterfaceOrientationPortraitUpsideDown UIInterfaceOrientationLandscapeLeft UIInterfaceOrientationLandscapeRight";
				INFOPLIST_KEY_UISupportedInterfaceOrientations_iPhone = "UIInterfaceOrientationPortrait UIInterfaceOrientationLandscapeLeft UIInterfaceOrientationLandscapeRight";
				LD_RUNPATH_SEARCH_PATHS = (
					"$(inherited)",
					"@executable_path/Frameworks",
				);
				MARKETING_VERSION = 1.0;
				PRODUCT_BUNDLE_IDENTIFIER = example.takehito.koshimizu.ArrayRepositorySample;
				PRODUCT_NAME = "$(TARGET_NAME)";
				SWIFT_EMIT_LOC_STRINGS = YES;
				SWIFT_VERSION = 5.0;
				TARGETED_DEVICE_FAMILY = "1,2";
			};
			name = Release;
		};
/* End XCBuildConfiguration section */

/* Begin XCConfigurationList section */
		FBB6556F27E8336F00C52239 /* Build configuration list for PBXProject "ArrayRepositorySample" */ = {
			isa = XCConfigurationList;
			buildConfigurations = (
				FBB6558627E8337100C52239 /* Debug */,
				FBB6558727E8337100C52239 /* Release */,
			);
			defaultConfigurationIsVisible = 0;
			defaultConfigurationName = Release;
		};
		FBB6558827E8337100C52239 /* Build configuration list for PBXNativeTarget "ArrayRepositorySample" */ = {
			isa = XCConfigurationList;
			buildConfigurations = (
				FBB6558927E8337100C52239 /* Debug */,
				FBB6558A27E8337100C52239 /* Release */,
			);
			defaultConfigurationIsVisible = 0;
			defaultConfigurationName = Release;
		};
/* End XCConfigurationList section */
	};
	rootObject = FBB6556C27E8336F00C52239 /* Project object */;
}
